<?xml version="1.0" encoding="utf-8"?>
<Project ToolsVersion="4.0" xmlns="http://schemas.microsoft.com/developer/msbuild/2003">
  <ItemGroup>
    <Filter Include="소스 파일">
      <UniqueIdentifier>{4FC737F1-C7A5-4376-A066-2A32D752A2FF}</UniqueIdentifier>
      <Extensions>cpp;c;cc;cxx;def;odl;idl;hpj;bat;asm;asmx</Extensions>
    </Filter>
    <Filter Include="헤더 파일">
      <UniqueIdentifier>{93995380-89BD-4b04-88EB-625FBE52EBFB}</UniqueIdentifier>
      <Extensions>h;hh;hpp;hxx;hm;inl;inc;ipp;xsd</Extensions>
    </Filter>
    <Filter Include="리소스 파일">
      <UniqueIdentifier>{67DA6AB6-F800-4c08-8B7A-83BB121AAD01}</UniqueIdentifier>
      <Extensions>rc;ico;cur;bmp;dlg;rc2;rct;bin;rgs;gif;jpg;jpeg;jpe;resx;tiff;tif;png;wav;mfcribbon-ms</Extensions>
    </Filter>
    <Filter Include="ex2">
      <UniqueIdentifier>{fb5c9512-0678-408c-bfc4-c284de8e7cd6}</UniqueIdentifier>
    </Filter>
    <Filter Include="ex2\t2">
      <UniqueIdentifier>{f36c13f3-eeb4-4868-804b-ab2cd78e04ea}</UniqueIdentifier>
    </Filter>
  </ItemGroup>
  <ItemGroup>
    <ClCompile Include="CACore.cpp">
      <Filter>소스 파일</Filter>
    </ClCompile>
    <ClCompile Include="CAInput.cpp">
      <Filter>소스 파일</Filter>
    </ClCompile>
    <ClCompile Include="CASound.cpp">
      <Filter>소스 파일</Filter>
    </ClCompile>
    <ClCompile Include="CASoundMgr.cpp">
      <Filter>소스 파일</Filter>
    </ClCompile>
    <ClCompile Include="CATimer.cpp">
      <Filter>소스 파일</Filter>
    </ClCompile>
    <ClCompile Include="CAWindow.cpp">
      <Filter>소스 파일</Filter>
    </ClCompile>
    <ClCompile Include="CAMessageList.cpp">
      <Filter>소스 파일</Filter>
    </ClCompile>
    <ClCompile Include="CADx_Text.cpp">
      <Filter>소스 파일</Filter>
    </ClCompile>
    <ClCompile Include="CADevice.cpp">
      <Filter>소스 파일</Filter>
    </ClCompile>
    <ClCompile Include="CADevice_Helper.cpp">
      <Filter>소스 파일</Filter>
    </ClCompile>
    <ClCompile Include="CADx_State.cpp">
      <Filter>소스 파일</Filter>
    </ClCompile>
    <ClCompile Include="CATexture.cpp">
      <Filter>소스 파일</Filter>
    </ClCompile>
    <ClCompile Include="CADx_Model.cpp">
      <Filter>소스 파일</Filter>
    </ClCompile>
    <ClCompile Include="CADx_Arc_Ball.cpp">
      <Filter>소스 파일</Filter>
    </ClCompile>
    <ClCompile Include="CADx_Object.cpp">
      <Filter>소스 파일</Filter>
    </ClCompile>
    <ClCompile Include="CADx_RT.cpp">
      <Filter>소스 파일</Filter>
    </ClCompile>
    <ClCompile Include="CADx_Model2.cpp">
      <Filter>ex2</Filter>
    </ClCompile>
    <ClCompile Include="CADx_Helper2.cpp">
      <Filter>ex2</Filter>
    </ClCompile>
    <ClCompile Include="CATexture_Mgr.cpp">
      <Filter>ex2</Filter>
    </ClCompile>
    <ClCompile Include="CADx_Shape.cpp">
      <Filter>소스 파일</Filter>
    </ClCompile>
    <ClCompile Include="Frustum.cpp">
      <Filter>ex2\t2</Filter>
    </ClCompile>
    <ClCompile Include="Arc_Ball.cpp">
      <Filter>ex2\t2</Filter>
    </ClCompile>
    <ClCompile Include="Camera.cpp">
      <Filter>ex2\t2</Filter>
    </ClCompile>
    <ClCompile Include="Back_Camera.cpp">
      <Filter>ex2\t2</Filter>
    </ClCompile>
  </ItemGroup>
  <ItemGroup>
    <ClInclude Include="CACore.h">
      <Filter>헤더 파일</Filter>
    </ClInclude>
    <ClInclude Include="CAInput.h">
      <Filter>헤더 파일</Filter>
    </ClInclude>
    <ClInclude Include="CASound.h">
      <Filter>헤더 파일</Filter>
    </ClInclude>
    <ClInclude Include="CASoundMgr.h">
      <Filter>헤더 파일</Filter>
    </ClInclude>
    <ClInclude Include="CAStd.h">
      <Filter>헤더 파일</Filter>
    </ClInclude>
    <ClInclude Include="CATimer.h">
      <Filter>헤더 파일</Filter>
    </ClInclude>
    <ClInclude Include="CAWindow.h">
      <Filter>헤더 파일</Filter>
    </ClInclude>
    <ClInclude Include="CAMessageList.h">
      <Filter>헤더 파일</Filter>
    </ClInclude>
    <ClInclude Include="CADx_Text.h">
      <Filter>헤더 파일</Filter>
    </ClInclude>
    <ClInclude Include="CADevice.h">
      <Filter>헤더 파일</Filter>
    </ClInclude>
    <ClInclude Include="CADevice_Helper.h">
      <Filter>헤더 파일</Filter>
    </ClInclude>
    <ClInclude Include="CADx_State.h">
      <Filter>헤더 파일</Filter>
    </ClInclude>
    <ClInclude Include="CATexture.h">
      <Filter>헤더 파일</Filter>
    </ClInclude>
    <ClInclude Include="CADx_Model.h">
      <Filter>헤더 파일</Filter>
    </ClInclude>
    <ClInclude Include="CADx_Std.h">
      <Filter>헤더 파일</Filter>
    </ClInclude>
    <ClInclude Include="CADx_Arc_Ball.h">
      <Filter>헤더 파일</Filter>
    </ClInclude>
    <ClInclude Include="CADx_Object.h">
      <Filter>헤더 파일</Filter>
    </ClInclude>
    <ClInclude Include="CADx_RT.h">
      <Filter>헤더 파일</Filter>
    </ClInclude>
    <ClInclude Include="CADx_Shape.h">
      <Filter>헤더 파일</Filter>
    </ClInclude>
    <ClInclude Include="CADx_Model2.h">
      <Filter>ex2</Filter>
    </ClInclude>
    <ClInclude Include="CADx_Helper2.h">
      <Filter>ex2</Filter>
    </ClInclude>
    <ClInclude Include="CATexture_Mgr.h">
      <Filter>ex2</Filter>
    </ClInclude>
    <ClInclude Include="Frustum.h">
      <Filter>ex2\t2</Filter>
    </ClInclude>
    <ClInclude Include="Arc_Ball.h">
      <Filter>ex2\t2</Filter>
    </ClInclude>
    <ClInclude Include="Camera.h">
      <Filter>ex2\t2</Filter>
    </ClInclude>
    <ClInclude Include="Back_Camera.h">
      <Filter>ex2\t2</Filter>
    </ClInclude>
  </ItemGroup>
</Project>